// !$*UTF8*$!
{
	archiveVersion = 1;
	classes = {
	};
	objectVersion = 46;
	objects = {

/* Begin PBXBuildFile section */
		3417928B1F48624600D2EC1E /* textFieldsDelegate.swift in Sources */ = {isa = PBXBuildFile; fileRef = 3417928A1F48624600D2EC1E /* textFieldsDelegate.swift */; };
		3417928F1F48649400D2EC1E /* NotificationsExtension.swift in Sources */ = {isa = PBXBuildFile; fileRef = 3417928E1F48649400D2EC1E /* NotificationsExtension.swift */; };
		3417DFAC1F516E64004BACC9 /* SentMemesTable.swift in Sources */ = {isa = PBXBuildFile; fileRef = 3417DFAB1F516E64004BACC9 /* SentMemesTable.swift */; };
		3417DFAF1F5171D7004BACC9 /* customTableCell.swift in Sources */ = {isa = PBXBuildFile; fileRef = 3417DFAE1F5171D7004BACC9 /* customTableCell.swift */; };
		342C344F1F48379D0004BC64 /* AppDelegate.swift in Sources */ = {isa = PBXBuildFile; fileRef = 342C344E1F48379D0004BC64 /* AppDelegate.swift */; };
		342C34511F48379D0004BC64 /* MemeEditorViewController.swift in Sources */ = {isa = PBXBuildFile; fileRef = 342C34501F48379D0004BC64 /* MemeEditorViewController.swift */; };
		342C34541F48379D0004BC64 /* Main.storyboard in Resources */ = {isa = PBXBuildFile; fileRef = 342C34521F48379D0004BC64 /* Main.storyboard */; };
		342C34561F48379D0004BC64 /* Assets.xcassets in Resources */ = {isa = PBXBuildFile; fileRef = 342C34551F48379D0004BC64 /* Assets.xcassets */; };
		342C34591F48379D0004BC64 /* LaunchScreen.storyboard in Resources */ = {isa = PBXBuildFile; fileRef = 342C34571F48379D0004BC64 /* LaunchScreen.storyboard */; };
		34684A621F488842006F3775 /* memeModel.swift in Sources */ = {isa = PBXBuildFile; fileRef = 34684A611F488842006F3775 /* memeModel.swift */; };
		34A826181F51B1130008BA4C /* customCollectionCell.swift in Sources */ = {isa = PBXBuildFile; fileRef = 34A826171F51B1130008BA4C /* customCollectionCell.swift */; };
		34A8261B1F51B2E70008BA4C /* sentMemesCollection.swift in Sources */ = {isa = PBXBuildFile; fileRef = 34A8261A1F51B2E70008BA4C /* sentMemesCollection.swift */; };
		34A8261D1F51C41B0008BA4C /* showMemedImageViewController.swift in Sources */ = {isa = PBXBuildFile; fileRef = 34A8261C1F51C41B0008BA4C /* showMemedImageViewController.swift */; };
/* End PBXBuildFile section */

/* Begin PBXFileReference section */
		3417928A1F48624600D2EC1E /* textFieldsDelegate.swift */ = {isa = PBXFileReference; fileEncoding = 4; lastKnownFileType = sourcecode.swift; path = textFieldsDelegate.swift; sourceTree = "<group>"; };
		3417928E1F48649400D2EC1E /* NotificationsExtension.swift */ = {isa = PBXFileReference; fileEncoding = 4; lastKnownFileType = sourcecode.swift; path = NotificationsExtension.swift; sourceTree = "<group>"; };
		3417DFAB1F516E64004BACC9 /* SentMemesTable.swift */ = {isa = PBXFileReference; fileEncoding = 4; lastKnownFileType = sourcecode.swift; path = SentMemesTable.swift; sourceTree = "<group>"; };
		3417DFAE1F5171D7004BACC9 /* customTableCell.swift */ = {isa = PBXFileReference; fileEncoding = 4; lastKnownFileType = sourcecode.swift; path = customTableCell.swift; sourceTree = "<group>"; };
		342C344B1F48379D0004BC64 /* MemeMe.app */ = {isa = PBXFileReference; explicitFileType = wrapper.application; includeInIndex = 0; path = MemeMe.app; sourceTree = BUILT_PRODUCTS_DIR; };
		342C344E1F48379D0004BC64 /* AppDelegate.swift */ = {isa = PBXFileReference; lastKnownFileType = sourcecode.swift; path = AppDelegate.swift; sourceTree = "<group>"; };
		342C34501F48379D0004BC64 /* MemeEditorViewController.swift */ = {isa = PBXFileReference; lastKnownFileType = sourcecode.swift; path = MemeEditorViewController.swift; sourceTree = "<group>"; };
		342C34531F48379D0004BC64 /* Base */ = {isa = PBXFileReference; lastKnownFileType = file.storyboard; name = Base; path = Base.lproj/Main.storyboard; sourceTree = "<group>"; };
		342C34551F48379D0004BC64 /* Assets.xcassets */ = {isa = PBXFileReference; lastKnownFileType = folder.assetcatalog; path = Assets.xcassets; sourceTree = "<group>"; };
		342C34581F48379D0004BC64 /* Base */ = {isa = PBXFileReference; lastKnownFileType = file.storyboard; name = Base; path = Base.lproj/LaunchScreen.storyboard; sourceTree = "<group>"; };
		342C345A1F48379D0004BC64 /* Info.plist */ = {isa = PBXFileReference; lastKnownFileType = text.plist.xml; path = Info.plist; sourceTree = "<group>"; };
		34684A611F488842006F3775 /* memeModel.swift */ = {isa = PBXFileReference; fileEncoding = 4; lastKnownFileType = sourcecode.swift; path = memeModel.swift; sourceTree = "<group>"; };
		34A826171F51B1130008BA4C /* customCollectionCell.swift */ = {isa = PBXFileReference; fileEncoding = 4; lastKnownFileType = sourcecode.swift; path = customCollectionCell.swift; sourceTree = "<group>"; };
		34A8261A1F51B2E70008BA4C /* sentMemesCollection.swift */ = {isa = PBXFileReference; fileEncoding = 4; lastKnownFileType = sourcecode.swift; path = sentMemesCollection.swift; sourceTree = "<group>"; };
		34A8261C1F51C41B0008BA4C /* showMemedImageViewController.swift */ = {isa = PBXFileReference; fileEncoding = 4; lastKnownFileType = sourcecode.swift; path = showMemedImageViewController.swift; sourceTree = "<group>"; };
/* End PBXFileReference section */

/* Begin PBXFrameworksBuildPhase section */
		342C34481F48379D0004BC64 /* Frameworks */ = {
			isa = PBXFrameworksBuildPhase;
			buildActionMask = 2147483647;
			files = (
			);
			runOnlyForDeploymentPostprocessing = 0;
		};
/* End PBXFrameworksBuildPhase section */

/* Begin PBXGroup section */
		3417DFAD1F51719E004BACC9 /* customCells */ = {
			isa = PBXGroup;
			children = (
				3417DFAE1F5171D7004BACC9 /* customTableCell.swift */,
				34A826171F51B1130008BA4C /* customCollectionCell.swift */,
			);
			name = customCells;
			sourceTree = "<group>";
		};
		342C34421F48379D0004BC64 = {
			isa = PBXGroup;
			children = (
				342C344D1F48379D0004BC64 /* MemeMe */,
				342C344C1F48379D0004BC64 /* Products */,
			);
			sourceTree = "<group>";
		};
		342C344C1F48379D0004BC64 /* Products */ = {
			isa = PBXGroup;
			children = (
				342C344B1F48379D0004BC64 /* MemeMe.app */,
			);
			name = Products;
			sourceTree = "<group>";
		};
		342C344D1F48379D0004BC64 /* MemeMe */ = {
			isa = PBXGroup;
			children = (
				3417DFAD1F51719E004BACC9 /* customCells */,
				34684A601F488821006F3775 /* view controllers */,
				34684A5F1F48880A006F3775 /* delegates */,
				34684A5E1F4887E7006F3775 /* extensions */,
				34684A5D1F4887DD006F3775 /* model */,
				342C34521F48379D0004BC64 /* Main.storyboard */,
				342C34551F48379D0004BC64 /* Assets.xcassets */,
				342C34571F48379D0004BC64 /* LaunchScreen.storyboard */,
				342C345A1F48379D0004BC64 /* Info.plist */,
			);
			path = MemeMe;
			sourceTree = "<group>";
		};
		34684A5D1F4887DD006F3775 /* model */ = {
			isa = PBXGroup;
			children = (
				34684A611F488842006F3775 /* memeModel.swift */,
			);
			name = model;
			sourceTree = "<group>";
		};
		34684A5E1F4887E7006F3775 /* extensions */ = {
			isa = PBXGroup;
			children = (
				3417928E1F48649400D2EC1E /* NotificationsExtension.swift */,
			);
			name = extensions;
			sourceTree = "<group>";
		};
		34684A5F1F48880A006F3775 /* delegates */ = {
			isa = PBXGroup;
			children = (
				342C344E1F48379D0004BC64 /* AppDelegate.swift */,
				3417928A1F48624600D2EC1E /* textFieldsDelegate.swift */,
			);
			name = delegates;
			sourceTree = "<group>";
		};
		34684A601F488821006F3775 /* view controllers */ = {
			isa = PBXGroup;
			children = (
				342C34501F48379D0004BC64 /* MemeEditorViewController.swift */,
				3417DFAB1F516E64004BACC9 /* SentMemesTable.swift */,
				34A8261A1F51B2E70008BA4C /* sentMemesCollection.swift */,
				34A8261C1F51C41B0008BA4C /* showMemedImageViewController.swift */,
			);
			name = "view controllers";
			sourceTree = "<group>";
		};
/* End PBXGroup section */

/* Begin PBXNativeTarget section */
		342C344A1F48379D0004BC64 /* MemeMe */ = {
			isa = PBXNativeTarget;
			buildConfigurationList = 342C345D1F48379D0004BC64 /* Build configuration list for PBXNativeTarget "MemeMe" */;
			buildPhases = (
				342C34471F48379D0004BC64 /* Sources */,
				342C34481F48379D0004BC64 /* Frameworks */,
				342C34491F48379D0004BC64 /* Resources */,
			);
			buildRules = (
			);
			dependencies = (
			);
			name = MemeMe;
			productName = MemeMe;
			productReference = 342C344B1F48379D0004BC64 /* MemeMe.app */;
			productType = "com.apple.product-type.application";
		};
/* End PBXNativeTarget section */

/* Begin PBXProject section */
		342C34431F48379D0004BC64 /* Project object */ = {
			isa = PBXProject;
			attributes = {
				LastSwiftUpdateCheck = 0810;
				LastUpgradeCheck = 0810;
				ORGANIZATIONNAME = "VERDU SANJAY";
				TargetAttributes = {
					342C344A1F48379D0004BC64 = {
						CreatedOnToolsVersion = 8.1;
						DevelopmentTeam = BF6R54VGWE;
						ProvisioningStyle = Automatic;
					};
				};
			};
			buildConfigurationList = 342C34461F48379D0004BC64 /* Build configuration list for PBXProject "MemeMe" */;
			compatibilityVersion = "Xcode 3.2";
			developmentRegion = English;
			hasScannedForEncodings = 0;
			knownRegions = (
				en,
				Base,
			);
			mainGroup = 342C34421F48379D0004BC64;
			productRefGroup = 342C344C1F48379D0004BC64 /* Products */;
			projectDirPath = "";
			projectRoot = "";
			targets = (
				342C344A1F48379D0004BC64 /* MemeMe */,
			);
		};
/* End PBXProject section */

/* Begin PBXResourcesBuildPhase section */
		342C34491F48379D0004BC64 /* Resources */ = {
			isa = PBXResourcesBuildPhase;
			buildActionMask = 2147483647;
			files = (
				342C34591F48379D0004BC64 /* LaunchScreen.storyboard in Resources */,
				342C34561F48379D0004BC64 /* Assets.xcassets in Resources */,
				342C34541F48379D0004BC64 /* Main.storyboard in Resources */,
			);
			runOnlyForDeploymentPostprocessing = 0;
		};
/* End PBXResourcesBuildPhase section */

/* Begin PBXSourcesBuildPhase section */
		342C34471F48379D0004BC64 /* Sources */ = {
			isa = PBXSourcesBuildPhase;
			buildActionMask = 2147483647;
			files = (
				342C34511F48379D0004BC64 /* MemeEditorViewController.swift in Sources */,
				342C344F1F48379D0004BC64 /* AppDelegate.swift in Sources */,
				3417928F1F48649400D2EC1E /* NotificationsExtension.swift in Sources */,
				34684A621F488842006F3775 /* memeModel.swift in Sources */,
				34A826181F51B1130008BA4C /* customCollectionCell.swift in Sources */,
				3417DFAC1F516E64004BACC9 /* SentMemesTable.swift in Sources */,
				34A8261D1F51C41B0008BA4C /* showMemedImageViewController.swift in Sources */,
				34A8261B1F51B2E70008BA4C /* sentMemesCollection.swift in Sources */,
				3417DFAF1F5171D7004BACC9 /* customTableCell.swift in Sources */,
				3417928B1F48624600D2EC1E /* textFieldsDelegate.swift in Sources */,
			);
			runOnlyForDeploymentPostprocessing = 0;
		};
/* End PBXSourcesBuildPhase section */

/* Begin PBXVariantGroup section */
		342C34521F48379D0004BC64 /* Main.storyboard */ = {
			isa = PBXVariantGroup;
			children = (
				342C34531F48379D0004BC64 /* Base */,
			);
			name = Main.storyboard;
			sourceTree = "<group>";
		};
		342C34571F48379D0004BC64 /* LaunchScreen.storyboard */ = {
			isa = PBXVariantGroup;
			children = (
				342C34581F48379D0004BC64 /* Base */,
			);
			name = LaunchScreen.storyboard;
			sourceTree = "<group>";
		};
/* End PBXVariantGroup section */

/* Begin XCBuildConfiguration section */
		342C345B1F48379D0004BC64 /* Debug */ = {
			isa = XCBuildConfiguration;
			buildSettings = {
				ALWAYS_SEARCH_USER_PATHS = NO;
				CLANG_ANALYZER_NONNULL = YES;
				CLANG_CXX_LANGUAGE_STANDARD = "gnu++0x";
				CLANG_CXX_LIBRARY = "libc++";
				CLANG_ENABLE_MODULES = YES;
				CLANG_ENABLE_OBJC_ARC = YES;
				CLANG_WARN_BOOL_CONVERSION = YES;
				CLANG_WARN_CONSTANT_CONVERSION = YES;
				CLANG_WARN_DIRECT_OBJC_ISA_USAGE = YES_ERROR;
				CLANG_WARN_DOCUMENTATION_COMMENTS = YES;
				CLANG_WARN_EMPTY_BODY = YES;
				CLANG_WARN_ENUM_CONVERSION = YES;
				CLANG_WARN_INFINITE_RECURSION = YES;
				CLANG_WARN_INT_CONVERSION = YES;
				CLANG_WARN_OBJC_ROOT_CLASS = YES_ERROR;
				CLANG_WARN_SUSPICIOUS_MOVES = YES;
				CLANG_WARN_UNREACHABLE_CODE = YES;
				CLANG_WARN__DUPLICATE_METHOD_MATCH = YES;
				"CODE_SIGN_IDENTITY[sdk=iphoneos*]" = "iPhone Developer";
				COPY_PHASE_STRIP = NO;
				DEBUG_INFORMATION_FORMAT = dwarf;
				ENABLE_STRICT_OBJC_MSGSEND = YES;
				ENABLE_TESTABILITY = YES;
				GCC_C_LANGUAGE_STANDARD = gnu99;
				GCC_DYNAMIC_NO_PIC = NO;
				GCC_NO_COMMON_BLOCKS = YES;
				GCC_OPTIMIZATION_LEVEL = 0;
				GCC_PREPROCESSOR_DEFINITIONS = (
					"DEBUG=1",
					"$(inherited)",
				);
				GCC_WARN_64_TO_32_BIT_CONVERSION = YES;
				GCC_WARN_ABOUT_RETURN_TYPE = YES_ERROR;
				GCC_WARN_UNDECLARED_SELECTOR = YES;
				GCC_WARN_UNINITIALIZED_AUTOS = YES_AGGRESSIVE;
				GCC_WARN_UNUSED_FUNCTION = YES;
				GCC_WARN_UNUSED_VARIABLE = YES;
				IPHONEOS_DEPLOYMENT_TARGET = 10.1;
				MTL_ENABLE_DEBUG_INFO = YES;
				ONLY_ACTIVE_ARCH = YES;
				SDKROOT = iphoneos;
				SWIFT_ACTIVE_COMPILATION_CONDITIONS = DEBUG;
				SWIFT_OPTIMIZATION_LEVEL = "-Onone";
				TARGETED_DEVICE_FAMILY = "1,2";
			};
			name = Debug;
		};
		342C345C1F48379D0004BC64 /* Release */ = {
			isa = XCBuildConfiguration;
			buildSettings = {
				ALWAYS_SEARCH_USER_PATHS = NO;
				CLANG_ANALYZER_NONNULL = YES;
				CLANG_CXX_LANGUAGE_STANDARD = "gnu++0x";
				CLANG_CXX_LIBRARY = "libc++";
				CLANG_ENABLE_MODULES = YES;
				CLANG_ENABLE_OBJC_ARC = YES;
				CLANG_WARN_BOOL_CONVERSION = YES;
				CLANG_WARN_CONSTANT_CONVERSION = YES;
				CLANG_WARN_DIRECT_OBJC_ISA_USAGE = YES_ERROR;
				CLANG_WARN_DOCUMENTATION_COMMENTS = YES;
				CLANG_WARN_EMPTY_BODY = YES;
				CLANG_WARN_ENUM_CONVERSION = YES;
				CLANG_WARN_INFINITE_RECURSION = YES;
				CLANG_WARN_INT_CONVERSION = YES;
				CLANG_WARN_OBJC_ROOT_CLASS = YES_ERROR;
				CLANG_WARN_SUSPICIOUS_MOVES = YES;
				CLANG_WARN_UNREACHABLE_CODE = YES;
				CLANG_WARN__DUPLICATE_METHOD_MATCH = YES;
				"CODE_SIGN_IDENTITY[sdk=iphoneos*]" = "iPhone Developer";
				COPY_PHASE_STRIP = NO;
				DEBUG_INFORMATION_FORMAT = "dwarf-with-dsym";
				ENABLE_NS_ASSERTIONS = NO;
				ENABLE_STRICT_OBJC_MSGSEND = YES;
				GCC_C_LANGUAGE_STANDARD = gnu99;
				GCC_NO_COMMON_BLOCKS = YES;
				GCC_WARN_64_TO_32_BIT_CONVERSION = YES;
				GCC_WARN_ABOUT_RETURN_TYPE = YES_ERROR;
				GCC_WARN_UNDECLARED_SELECTOR = YES;
				GCC_WARN_UNINITIALIZED_AUTOS = YES_AGGRESSIVE;
				GCC_WARN_UNUSED_FUNCTION = YES;
				GCC_WARN_UNUSED_VARIABLE = YES;
				IPHONEOS_DEPLOYMENT_TARGET = 10.1;
				MTL_ENABLE_DEBUG_INFO = NO;
				SDKROOT = iphoneos;
				SWIFT_OPTIMIZATION_LEVEL = "-Owholemodule";
				TARGETED_DEVICE_FAMILY = "1,2";
				VALIDATE_PRODUCT = YES;
			};
			name = Release;
		};
		342C345E1F48379D0004BC64 /* Debug */ = {
			isa = XCBuildConfiguration;
			buildSettings = {
				ASSETCATALOG_COMPILER_APPICON_NAME = AppIcon;
				DEVELOPMENT_TEAM = BF6R54VGWE;
				INFOPLIST_FILE = MemeMe/Info.plist;
				LD_RUNPATH_SEARCH_PATHS = "$(inherited) @executable_path/Frameworks";
				PRODUCT_BUNDLE_IDENTIFIER = com.codersanjay.MemeMe;
				PRODUCT_NAME = "$(TARGET_NAME)";
				SWIFT_VERSION = 3.0;
			};
			name = Debug;
		};
		342C345F1F48379D0004BC64 /* Release */ = {
			isa = XCBuildConfiguration;
			buildSettings = {
				ASSETCATALOG_COMPILER_APPICON_NAME = AppIcon;
				DEVELOPMENT_TEAM = BF6R54VGWE;
				INFOPLIST_FILE = MemeMe/Info.plist;
				LD_RUNPATH_SEARCH_PATHS = "$(inherited) @executable_path/Frameworks";
				PRODUCT_BUNDLE_IDENTIFIER = com.codersanjay.MemeMe;
				PRODUCT_NAME = "$(TARGET_NAME)";
				SWIFT_VERSION = 3.0;
			};
			name = Release;
		};
/* End XCBuildConfiguration section */

/* Begin XCConfigurationList section */
		342C34461F48379D0004BC64 /* Build configuration list for PBXProject "MemeMe" */ = {
			isa = XCConfigurationList;
			buildConfigurations = (
				342C345B1F48379D0004BC64 /* Debug */,
				342C345C1F48379D0004BC64 /* Release */,
			);
			defaultConfigurationIsVisible = 0;
			defaultConfigurationName = Release;
		};
		342C345D1F48379D0004BC64 /* Build configuration list for PBXNativeTarget "MemeMe" */ = {
			isa = XCConfigurationList;
			buildConfigurations = (
				342C345E1F48379D0004BC64 /* Debug */,
				342C345F1F48379D0004BC64 /* Release */,
			);
			defaultConfigurationIsVisible = 0;
			defaultConfigurationName = Release;
		};
/* End XCConfigurationList section */
	};
	rootObject = 342C34431F48379D0004BC64 /* Project object */;
}
